
Microsoft Visual Studio Solution File, Format Version 12.00
# Visual Studio Version 17
VisualStudioVersion = 17.0.31919.166
MinimumVisualStudioVersion = 10.0.40219.1
Project("{9A19103F-16F7-4668-BE54-9A1E7A4F7556}") = "FluentCaching", "FluentCaching\FluentCaching.csproj", "{1CAAD9BF-66E7-42E4-8717-2195F809EDA8}"
EndProject
Project("{9A19103F-16F7-4668-BE54-9A1E7A4F7556}") = "FluentCaching.Memory", "FluentCaching.Memory\FluentCaching.Memory.csproj", "{96E38BB8-0154-4159-B57D-9DAA97FAC414}"
EndProject
Project("{9A19103F-16F7-4668-BE54-9A1E7A4F7556}") = "FluentCaching.Tests.Integration", "FluentCaching.Tests\FluentCaching.Tests.Integration.csproj", "{CD683134-90F7-4C0D-9053-1D08B9E3729E}"
EndProject
Project("{9A19103F-16F7-4668-BE54-9A1E7A4F7556}") = "FluentCaching.Benchmarks", "FluentCaching.Benchmarks\FluentCaching.Benchmarks.csproj", "{A5087C71-8AB1-4876-9C46-EB5849FAB4F6}"
EndProject
Global
	GlobalSection(SolutionConfigurationPlatforms) = preSolution
		Debug|Any CPU = Debug|Any CPU
		Release|Any CPU = Release|Any CPU
	EndGlobalSection
	GlobalSection(ProjectConfigurationPlatforms) = postSolution
		{1CAAD9BF-66E7-42E4-8717-2195F809EDA8}.Debug|Any CPU.ActiveCfg = Debug|Any CPU
		{1CAAD9BF-66E7-42E4-8717-2195F809EDA8}.Debug|Any CPU.Build.0 = Debug|Any CPU
		{1CAAD9BF-66E7-42E4-8717-2195F809EDA8}.Release|Any CPU.ActiveCfg = Release|Any CPU
		{1CAAD9BF-66E7-42E4-8717-2195F809EDA8}.Release|Any CPU.Build.0 = Release|Any CPU
		{96E38BB8-0154-4159-B57D-9DAA97FAC414}.Debug|Any CPU.ActiveCfg = Debug|Any CPU
		{96E38BB8-0154-4159-B57D-9DAA97FAC414}.Debug|Any CPU.Build.0 = Debug|Any CPU
		{96E38BB8-0154-4159-B57D-9DAA97FAC414}.Release|Any CPU.ActiveCfg = Release|Any CPU
		{96E38BB8-0154-4159-B57D-9DAA97FAC414}.Release|Any CPU.Build.0 = Release|Any CPU
		{CD683134-90F7-4C0D-9053-1D08B9E3729E}.Debug|Any CPU.ActiveCfg = Debug|Any CPU
		{CD683134-90F7-4C0D-9053-1D08B9E3729E}.Debug|Any CPU.Build.0 = Debug|Any CPU
		{CD683134-90F7-4C0D-9053-1D08B9E3729E}.Release|Any CPU.ActiveCfg = Release|Any CPU
		{CD683134-90F7-4C0D-9053-1D08B9E3729E}.Release|Any CPU.Build.0 = Release|Any CPU
		{A5087C71-8AB1-4876-9C46-EB5849FAB4F6}.Debug|Any CPU.ActiveCfg = Debug|Any CPU
		{A5087C71-8AB1-4876-9C46-EB5849FAB4F6}.Debug|Any CPU.Build.0 = Debug|Any CPU
		{A5087C71-8AB1-4876-9C46-EB5849FAB4F6}.Release|Any CPU.ActiveCfg = Release|Any CPU
		{A5087C71-8AB1-4876-9C46-EB5849FAB4F6}.Release|Any CPU.Build.0 = Release|Any CPU
	EndGlobalSection
	GlobalSection(SolutionProperties) = preSolution
		HideSolutionNode = FALSE
	EndGlobalSection
	GlobalSection(ExtensibilityGlobals) = postSolution
		SolutionGuid = {55371403-799A-463F-B02A-E98EF1536BF2}
	EndGlobalSection
EndGlobal
