
Microsoft Visual Studio Solution File, Format Version 12.00
# Visual Studio Version 17
VisualStudioVersion = 17.0.31919.166
MinimumVisualStudioVersion = 10.0.40219.1
Project("{2150E333-8FDC-42A3-9474-1A3956D46DE8}") = "src", "src", "{08B3519D-F9A4-4F5E-98C6-4C93E864311E}"
EndProject
Project("{2150E333-8FDC-42A3-9474-1A3956D46DE8}") = "perf", "perf", "{37B3A6A1-0498-4178-8149-75C984981E62}"
EndProject
Project("{2150E333-8FDC-42A3-9474-1A3956D46DE8}") = "tests", "tests", "{45E0056D-657A-41E5-9DC6-DF3E6C42EC18}"
EndProject
Project("{9A19103F-16F7-4668-BE54-9A1E7A4F7556}") = "FluentCaching.Tests.Integration", "tests\FluentCaching.Tests.Integration\FluentCaching.Tests.Integration.csproj", "{5876B1AA-9AD4-4855-AA76-B7B1E4959DC4}"
EndProject
Project("{9A19103F-16F7-4668-BE54-9A1E7A4F7556}") = "FluentCaching.Tests.Unit", "tests\FluentCaching.Tests.Unit\FluentCaching.Tests.Unit.csproj", "{31542594-DA5E-4869-A53C-8785DC9E488D}"
EndProject
Project("{9A19103F-16F7-4668-BE54-9A1E7A4F7556}") = "FluentCaching.Benchmarks", "perf\FluentCaching.Benchmarks\FluentCaching.Benchmarks.csproj", "{9035B56D-4A9B-4AF4-AE07-3DAC3D0200D9}"
EndProject
Project("{2150E333-8FDC-42A3-9474-1A3956D46DE8}") = "core", "core", "{9FABB0E2-11F7-469F-B010-53C8640E854E}"
EndProject
Project("{2150E333-8FDC-42A3-9474-1A3956D46DE8}") = "integrations", "integrations", "{CEF65BDC-93B4-48F8-B3DE-6CF25076DCEA}"
EndProject
Project("{FAE04EC0-301F-11D3-BF4B-00C04F79EFBC}") = "FluentCaching", "src\core\FluentCaching\FluentCaching.csproj", "{A0B4719B-87F0-458D-9CEA-6068F799B464}"
EndProject
Project("{FAE04EC0-301F-11D3-BF4B-00C04F79EFBC}") = "FluentCaching.Memory", "src\integrations\FluentCaching.Memory\FluentCaching.Memory.csproj", "{503796AE-7B53-4237-8E71-7C8C2C0C0DA4}"
EndProject
Project("{FAE04EC0-301F-11D3-BF4B-00C04F79EFBC}") = "FluentCaching.AspNetCore", "src\integrations\FluentCaching.AspNetCore\FluentCaching.AspNetCore.csproj", "{CE25D050-6665-46E1-932F-F229791127B6}"
EndProject
Global
	GlobalSection(SolutionConfigurationPlatforms) = preSolution
		Debug|Any CPU = Debug|Any CPU
		Release|Any CPU = Release|Any CPU
	EndGlobalSection
	GlobalSection(ProjectConfigurationPlatforms) = postSolution
		{5876B1AA-9AD4-4855-AA76-B7B1E4959DC4}.Debug|Any CPU.ActiveCfg = Debug|Any CPU
		{5876B1AA-9AD4-4855-AA76-B7B1E4959DC4}.Debug|Any CPU.Build.0 = Debug|Any CPU
		{5876B1AA-9AD4-4855-AA76-B7B1E4959DC4}.Release|Any CPU.ActiveCfg = Release|Any CPU
		{5876B1AA-9AD4-4855-AA76-B7B1E4959DC4}.Release|Any CPU.Build.0 = Release|Any CPU
		{31542594-DA5E-4869-A53C-8785DC9E488D}.Debug|Any CPU.ActiveCfg = Debug|Any CPU
		{31542594-DA5E-4869-A53C-8785DC9E488D}.Debug|Any CPU.Build.0 = Debug|Any CPU
		{31542594-DA5E-4869-A53C-8785DC9E488D}.Release|Any CPU.ActiveCfg = Release|Any CPU
		{31542594-DA5E-4869-A53C-8785DC9E488D}.Release|Any CPU.Build.0 = Release|Any CPU
		{9035B56D-4A9B-4AF4-AE07-3DAC3D0200D9}.Debug|Any CPU.ActiveCfg = Debug|Any CPU
		{9035B56D-4A9B-4AF4-AE07-3DAC3D0200D9}.Debug|Any CPU.Build.0 = Debug|Any CPU
		{9035B56D-4A9B-4AF4-AE07-3DAC3D0200D9}.Release|Any CPU.ActiveCfg = Release|Any CPU
		{9035B56D-4A9B-4AF4-AE07-3DAC3D0200D9}.Release|Any CPU.Build.0 = Release|Any CPU
		{A0B4719B-87F0-458D-9CEA-6068F799B464}.Debug|Any CPU.ActiveCfg = Debug|Any CPU
		{A0B4719B-87F0-458D-9CEA-6068F799B464}.Debug|Any CPU.Build.0 = Debug|Any CPU
		{A0B4719B-87F0-458D-9CEA-6068F799B464}.Release|Any CPU.ActiveCfg = Release|Any CPU
		{A0B4719B-87F0-458D-9CEA-6068F799B464}.Release|Any CPU.Build.0 = Release|Any CPU
		{503796AE-7B53-4237-8E71-7C8C2C0C0DA4}.Debug|Any CPU.ActiveCfg = Debug|Any CPU
		{503796AE-7B53-4237-8E71-7C8C2C0C0DA4}.Debug|Any CPU.Build.0 = Debug|Any CPU
		{503796AE-7B53-4237-8E71-7C8C2C0C0DA4}.Release|Any CPU.ActiveCfg = Release|Any CPU
		{503796AE-7B53-4237-8E71-7C8C2C0C0DA4}.Release|Any CPU.Build.0 = Release|Any CPU
		{CE25D050-6665-46E1-932F-F229791127B6}.Debug|Any CPU.ActiveCfg = Debug|Any CPU
		{CE25D050-6665-46E1-932F-F229791127B6}.Debug|Any CPU.Build.0 = Debug|Any CPU
		{CE25D050-6665-46E1-932F-F229791127B6}.Release|Any CPU.ActiveCfg = Release|Any CPU
		{CE25D050-6665-46E1-932F-F229791127B6}.Release|Any CPU.Build.0 = Release|Any CPU
	EndGlobalSection
	GlobalSection(SolutionProperties) = preSolution
		HideSolutionNode = FALSE
	EndGlobalSection
	GlobalSection(NestedProjects) = preSolution
		{5876B1AA-9AD4-4855-AA76-B7B1E4959DC4} = {45E0056D-657A-41E5-9DC6-DF3E6C42EC18}
		{31542594-DA5E-4869-A53C-8785DC9E488D} = {45E0056D-657A-41E5-9DC6-DF3E6C42EC18}
		{9035B56D-4A9B-4AF4-AE07-3DAC3D0200D9} = {37B3A6A1-0498-4178-8149-75C984981E62}
		{9FABB0E2-11F7-469F-B010-53C8640E854E} = {08B3519D-F9A4-4F5E-98C6-4C93E864311E}
		{CEF65BDC-93B4-48F8-B3DE-6CF25076DCEA} = {08B3519D-F9A4-4F5E-98C6-4C93E864311E}
		{A0B4719B-87F0-458D-9CEA-6068F799B464} = {9FABB0E2-11F7-469F-B010-53C8640E854E}
		{503796AE-7B53-4237-8E71-7C8C2C0C0DA4} = {CEF65BDC-93B4-48F8-B3DE-6CF25076DCEA}
		{CE25D050-6665-46E1-932F-F229791127B6} = {CEF65BDC-93B4-48F8-B3DE-6CF25076DCEA}
	EndGlobalSection
	GlobalSection(ExtensibilityGlobals) = postSolution
		SolutionGuid = {55371403-799A-463F-B02A-E98EF1536BF2}
	EndGlobalSection
EndGlobal
