
Microsoft Visual Studio Solution File, Format Version 12.00
Project("{FAE04EC0-301F-11D3-BF4B-00C04F79EFBC}") = "FluentCaching.Samples.Console", "FluentCaching.Samples.Console\FluentCaching.Samples.Console.csproj", "{2B57CA0F-600C-4E63-9C57-77D6477F1C90}"
EndProject
Project("{FAE04EC0-301F-11D3-BF4B-00C04F79EFBC}") = "FluentCaching.Samples.AspNetCore", "FluentCaching.Samples.AspNetCore\FluentCaching.Samples.AspNetCore.csproj", "{71B5529A-C2E2-443C-A66E-DDAEAB9B0A7D}"
EndProject
Project("{FAE04EC0-301F-11D3-BF4B-00C04F79EFBC}") = "FluentCaching.Samples.CachingPolicies", "FluentCaching.Samples.CachingPolicies\FluentCaching.Samples.CachingPolicies.csproj", "{75F80B96-2A5D-4A5E-BC3A-EEEFAD376E9F}"
EndProject
Project("{FAE04EC0-301F-11D3-BF4B-00C04F79EFBC}") = "FluentCaching.Samples.DistributedCache", "FluentCaching.Samples.DistributedCache\FluentCaching.Samples.DistributedCache.csproj", "{2EE13CC8-FD92-48F2-9C95-923885603A5D}"
EndProject
Project("{FAE04EC0-301F-11D3-BF4B-00C04F79EFBC}") = "FluentCaching.Samples.DefaultCache", "FluentCaching.Samples.DefaultCache\FluentCaching.Samples.DefaultCache.csproj", "{99E86558-EDAF-4A87-8221-59F630F27373}"
EndProject
Global
	GlobalSection(SolutionConfigurationPlatforms) = preSolution
		Debug|Any CPU = Debug|Any CPU
		Release|Any CPU = Release|Any CPU
	EndGlobalSection
	GlobalSection(ProjectConfigurationPlatforms) = postSolution
		{2B57CA0F-600C-4E63-9C57-77D6477F1C90}.Debug|Any CPU.ActiveCfg = Debug|Any CPU
		{2B57CA0F-600C-4E63-9C57-77D6477F1C90}.Debug|Any CPU.Build.0 = Debug|Any CPU
		{2B57CA0F-600C-4E63-9C57-77D6477F1C90}.Release|Any CPU.ActiveCfg = Release|Any CPU
		{2B57CA0F-600C-4E63-9C57-77D6477F1C90}.Release|Any CPU.Build.0 = Release|Any CPU
		{71B5529A-C2E2-443C-A66E-DDAEAB9B0A7D}.Debug|Any CPU.ActiveCfg = Debug|Any CPU
		{71B5529A-C2E2-443C-A66E-DDAEAB9B0A7D}.Debug|Any CPU.Build.0 = Debug|Any CPU
		{71B5529A-C2E2-443C-A66E-DDAEAB9B0A7D}.Release|Any CPU.ActiveCfg = Release|Any CPU
		{71B5529A-C2E2-443C-A66E-DDAEAB9B0A7D}.Release|Any CPU.Build.0 = Release|Any CPU
		{75F80B96-2A5D-4A5E-BC3A-EEEFAD376E9F}.Debug|Any CPU.ActiveCfg = Debug|Any CPU
		{75F80B96-2A5D-4A5E-BC3A-EEEFAD376E9F}.Debug|Any CPU.Build.0 = Debug|Any CPU
		{75F80B96-2A5D-4A5E-BC3A-EEEFAD376E9F}.Release|Any CPU.ActiveCfg = Release|Any CPU
		{75F80B96-2A5D-4A5E-BC3A-EEEFAD376E9F}.Release|Any CPU.Build.0 = Release|Any CPU
		{2EE13CC8-FD92-48F2-9C95-923885603A5D}.Debug|Any CPU.ActiveCfg = Debug|Any CPU
		{2EE13CC8-FD92-48F2-9C95-923885603A5D}.Debug|Any CPU.Build.0 = Debug|Any CPU
		{2EE13CC8-FD92-48F2-9C95-923885603A5D}.Release|Any CPU.ActiveCfg = Release|Any CPU
		{2EE13CC8-FD92-48F2-9C95-923885603A5D}.Release|Any CPU.Build.0 = Release|Any CPU
		{99E86558-EDAF-4A87-8221-59F630F27373}.Debug|Any CPU.ActiveCfg = Debug|Any CPU
		{99E86558-EDAF-4A87-8221-59F630F27373}.Debug|Any CPU.Build.0 = Debug|Any CPU
		{99E86558-EDAF-4A87-8221-59F630F27373}.Release|Any CPU.ActiveCfg = Release|Any CPU
		{99E86558-EDAF-4A87-8221-59F630F27373}.Release|Any CPU.Build.0 = Release|Any CPU
	EndGlobalSection
EndGlobal
